
Microsoft Visual Studio Solution File, Format Version 12.00
# Visual Studio Version 16
VisualStudioVersion = 16.0.29728.190
MinimumVisualStudioVersion = 10.0.40219.1
Project("{8BC9CEB8-8B4A-11D0-8D11-00A0C91BC942}") = "project2", "project2/project2.vcxproj", "{956893FD-75AD-458C-8063-09DB3796B896}"
EndProject
Global
	GlobalSection(SolutionConfigurationPlatforms) = preSolution
		Debug|x64 = Debug|x64
		Debug|x86 = Debug|x86
		Release|x64 = Release|x64
		Release|x86 = Release|x86
	EndGlobalSection
	GlobalSection(ProjectConfigurationPlatforms) = postSolution
		{956893FD-75AD-458C-8063-09DB3796B896}.Debug|x64.ActiveCfg = Debug|x64
		{956893FD-75AD-458C-8063-09DB3796B896}.Debug|x64.Build.0 = Debug|x64
		{956893FD-75AD-458C-8063-09DB3796B896}.Debug|x86.ActiveCfg = Debug|Win32
		{956893FD-75AD-458C-8063-09DB3796B896}.Debug|x86.Build.0 = Debug|Win32
		{956893FD-75AD-458C-8063-09DB3796B896}.Release|x64.ActiveCfg = Release|x64
		{956893FD-75AD-458C-8063-09DB3796B896}.Release|x64.Build.0 = Release|x64
		{956893FD-75AD-458C-8063-09DB3796B896}.Release|x86.ActiveCfg = Release|x64
		{956893FD-75AD-458C-8063-09DB3796B896}.Release|x86.Build.0 = Release|x64
	EndGlobalSection
	GlobalSection(SolutionProperties) = preSolution
		HideSolutionNode = FALSE
	EndGlobalSection
	GlobalSection(ExtensibilityGlobals) = postSolution
		SolutionGuid = {E70F9F23-99D2-4D57-BC79-A8D31597D560}
	EndGlobalSection
EndGlobal
